
Microsoft Visual Studio Solution File, Format Version 12.00
# Visual Studio 15
VisualStudioVersion = 15.0.27703.2018
MinimumVisualStudioVersion = 10.0.40219.1
Project("{FAE04EC0-301F-11D3-BF4B-00C04F79EFBC}") = "UpdateManpowerKOUsers", "UpdateManpowerKOUsers\UpdateManpowerKOUsers.csproj", "{07DC0783-F08A-49F3-BAB2-D876CCA50156}"
EndProject
Global
	GlobalSection(SolutionConfigurationPlatforms) = preSolution
		Debug|Any CPU = Debug|Any CPU
		Release|Any CPU = Release|Any CPU
	EndGlobalSection
	GlobalSection(ProjectConfigurationPlatforms) = postSolution
		{07DC0783-F08A-49F3-BAB2-D876CCA50156}.Debug|Any CPU.ActiveCfg = Debug|Any CPU
		{07DC0783-F08A-49F3-BAB2-D876CCA50156}.Debug|Any CPU.Build.0 = Debug|Any CPU
		{07DC0783-F08A-49F3-BAB2-D876CCA50156}.Release|Any CPU.ActiveCfg = Release|Any CPU
		{07DC0783-F08A-49F3-BAB2-D876CCA50156}.Release|Any CPU.Build.0 = Release|Any CPU
	EndGlobalSection
	GlobalSection(SolutionProperties) = preSolution
		HideSolutionNode = FALSE
	EndGlobalSection
	GlobalSection(ExtensibilityGlobals) = postSolution
		SolutionGuid = {637D4BD1-33C0-4636-B7E3-C78BB7BA5E0D}
	EndGlobalSection
EndGlobal
